
Microsoft Visual Studio Solution File, Format Version 12.00
# Visual Studio Version 17
VisualStudioVersion = 17.13.35825.156 d17.13
MinimumVisualStudioVersion = 10.0.40219.1
Project("{FAE04EC0-301F-11D3-BF4B-00C04F79EFBC}") = "interfaz", "interfaz.csproj", "{3D45908A-669C-4C57-96DE-B89CDA49FB74}"
EndProject
Global
	GlobalSection(SolutionConfigurationPlatforms) = preSolution
		Debug|Any CPU = Debug|Any CPU
		Release|Any CPU = Release|Any CPU
	EndGlobalSection
	GlobalSection(ProjectConfigurationPlatforms) = postSolution
		{3D45908A-669C-4C57-96DE-B89CDA49FB74}.Debug|Any CPU.ActiveCfg = Debug|Any CPU
		{3D45908A-669C-4C57-96DE-B89CDA49FB74}.Debug|Any CPU.Build.0 = Debug|Any CPU
		{3D45908A-669C-4C57-96DE-B89CDA49FB74}.Release|Any CPU.ActiveCfg = Release|Any CPU
		{3D45908A-669C-4C57-96DE-B89CDA49FB74}.Release|Any CPU.Build.0 = Release|Any CPU
	EndGlobalSection
	GlobalSection(SolutionProperties) = preSolution
		HideSolutionNode = FALSE
	EndGlobalSection
	GlobalSection(ExtensibilityGlobals) = postSolution
		SolutionGuid = {3DA5D8A4-5056-49B6-AAD2-4AF8906FE5B0}
	EndGlobalSection
EndGlobal
